{
    "_meta": {
        "hash": {
            "sha256": "d46945a2b07d6fda18d4155dbc4ec94af21665565d466adb02c630f26ab6af1b"
        },
        "pipfile-spec": 6,
        "requires": {
            "python_version": "3.8"
        },
        "sources": [
            {
                "name": "pypi",
                "url": "https://pypi.python.org/simple",
                "verify_ssl": true
            },
            {
                "name": "pytorch",
                "url": "https://download.pytorch.org/whl/cpu/",
                "verify_ssl": false
            }
        ]
    },
    "default": {
        "torch": {
            "index": "pytorch",
            "version": "==1.9.0"
        },
        "torchaudio": {
            "index": "pytorch",
            "version": "==0.9.0"
        },
        "torchvision": {
            "index": "pytorch",
            "version": "==0.10.0"
        }
    },
    "develop": {}
}
